
Microsoft Visual Studio Solution File, Format Version 12.00
# Visual Studio Express 2012 for Windows Desktop
Project("{FAE04EC0-301F-11D3-BF4B-00C04F79EFBC}") = "WindowsFormsApplication1", "WindowsFormsApplication1\WindowsFormsApplication1.csproj", "{C4AB78A1-38D4-4FB6-831A-90423A12BF7B}"
EndProject
Global
	GlobalSection(SolutionConfigurationPlatforms) = preSolution
		Debug|Any CPU = Debug|Any CPU
		Release|Any CPU = Release|Any CPU
	EndGlobalSection
	GlobalSection(ProjectConfigurationPlatforms) = postSolution
		{C4AB78A1-38D4-4FB6-831A-90423A12BF7B}.Debug|Any CPU.ActiveCfg = Debug|Any CPU
		{C4AB78A1-38D4-4FB6-831A-90423A12BF7B}.Debug|Any CPU.Build.0 = Debug|Any CPU
		{C4AB78A1-38D4-4FB6-831A-90423A12BF7B}.Release|Any CPU.ActiveCfg = Release|Any CPU
		{C4AB78A1-38D4-4FB6-831A-90423A12BF7B}.Release|Any CPU.Build.0 = Release|Any CPU
	EndGlobalSection
	GlobalSection(SolutionProperties) = preSolution
		HideSolutionNode = FALSE
	EndGlobalSection
EndGlobal
